
Microsoft Visual Studio Solution File, Format Version 12.00
# Visual Studio Version 17
VisualStudioVersion = 17.14.36301.6 d17.14
MinimumVisualStudioVersion = 10.0.40219.1
Project("{FAE04EC0-301F-11D3-BF4B-00C04F79EFBC}") = "assigmentAdvanced02", "assigmentAdvanced02\assigmentAdvanced02.csproj", "{11B76AC5-5AD4-4F2F-8E79-BD634B715761}"
EndProject
Global
	GlobalSection(SolutionConfigurationPlatforms) = preSolution
		Debug|Any CPU = Debug|Any CPU
		Release|Any CPU = Release|Any CPU
	EndGlobalSection
	GlobalSection(ProjectConfigurationPlatforms) = postSolution
		{11B76AC5-5AD4-4F2F-8E79-BD634B715761}.Debug|Any CPU.ActiveCfg = Debug|Any CPU
		{11B76AC5-5AD4-4F2F-8E79-BD634B715761}.Debug|Any CPU.Build.0 = Debug|Any CPU
		{11B76AC5-5AD4-4F2F-8E79-BD634B715761}.Release|Any CPU.ActiveCfg = Release|Any CPU
		{11B76AC5-5AD4-4F2F-8E79-BD634B715761}.Release|Any CPU.Build.0 = Release|Any CPU
	EndGlobalSection
	GlobalSection(SolutionProperties) = preSolution
		HideSolutionNode = FALSE
	EndGlobalSection
	GlobalSection(ExtensibilityGlobals) = postSolution
		SolutionGuid = {FA1199A3-B063-4A83-916A-990BAC206B84}
	EndGlobalSection
EndGlobal
